
Microsoft Visual Studio Solution File, Format Version 12.00
# Visual Studio Version 16
VisualStudioVersion = 25.0.1704.0
MinimumVisualStudioVersion = 10.0.40219.1
Project("{FAE04EC0-301F-11D3-BF4B-00C04F79EFBC}") = "Fahrtenbuch_Backend", "Fahrtenbuch_Backend\Fahrtenbuch_Backend.csproj", "{6104406F-E7D2-4379-A39C-9081BDF2B958}"
EndProject
Project("{FAE04EC0-301F-11D3-BF4B-00C04F79EFBC}") = "TestBackend", "TestBackend\TestBackend.csproj", "{128B960C-D192-4396-89F1-D14F30DBBA3D}"
EndProject
Project("{E53339B2-1760-4266-BCC7-CA923CBCF16C}") = "docker-compose", "docker-compose.dcproj", "{0A36D6F0-08FF-4785-BFC3-A6B51BF7A941}"
EndProject
Global
	GlobalSection(SolutionConfigurationPlatforms) = preSolution
		Debug|Any CPU = Debug|Any CPU
		Release|Any CPU = Release|Any CPU
	EndGlobalSection
	GlobalSection(ProjectConfigurationPlatforms) = postSolution
		{6104406F-E7D2-4379-A39C-9081BDF2B958}.Debug|Any CPU.ActiveCfg = Debug|Any CPU
		{6104406F-E7D2-4379-A39C-9081BDF2B958}.Debug|Any CPU.Build.0 = Debug|Any CPU
		{6104406F-E7D2-4379-A39C-9081BDF2B958}.Release|Any CPU.ActiveCfg = Release|Any CPU
		{6104406F-E7D2-4379-A39C-9081BDF2B958}.Release|Any CPU.Build.0 = Release|Any CPU
		{128B960C-D192-4396-89F1-D14F30DBBA3D}.Debug|Any CPU.ActiveCfg = Debug|Any CPU
		{128B960C-D192-4396-89F1-D14F30DBBA3D}.Debug|Any CPU.Build.0 = Debug|Any CPU
		{128B960C-D192-4396-89F1-D14F30DBBA3D}.Release|Any CPU.ActiveCfg = Release|Any CPU
		{128B960C-D192-4396-89F1-D14F30DBBA3D}.Release|Any CPU.Build.0 = Release|Any CPU
		{0A36D6F0-08FF-4785-BFC3-A6B51BF7A941}.Debug|Any CPU.ActiveCfg = Debug|Any CPU
		{0A36D6F0-08FF-4785-BFC3-A6B51BF7A941}.Debug|Any CPU.Build.0 = Debug|Any CPU
		{0A36D6F0-08FF-4785-BFC3-A6B51BF7A941}.Release|Any CPU.ActiveCfg = Release|Any CPU
		{0A36D6F0-08FF-4785-BFC3-A6B51BF7A941}.Release|Any CPU.Build.0 = Release|Any CPU
	EndGlobalSection
	GlobalSection(SolutionProperties) = preSolution
		HideSolutionNode = FALSE
	EndGlobalSection
	GlobalSection(ExtensibilityGlobals) = postSolution
		SolutionGuid = {2A05281E-8F50-46AB-9000-BAE620D12875}
	EndGlobalSection
EndGlobal
